// !$*UTF8*$!
{
	archiveVersion = 1;
	classes = {
	};
	objectVersion = 50;
	objects = {

/* Begin PBXBuildFile section */
		CC512210234121EF00A03AD3 /* AppDelegate.swift in Sources */ = {isa = PBXBuildFile; fileRef = CC51220F234121EF00A03AD3 /* AppDelegate.swift */; };
		CC512212234121EF00A03AD3 /* SceneDelegate.swift in Sources */ = {isa = PBXBuildFile; fileRef = CC512211234121EF00A03AD3 /* SceneDelegate.swift */; };
		CC512214234121EF00A03AD3 /* ViewController.swift in Sources */ = {isa = PBXBuildFile; fileRef = CC512213234121EF00A03AD3 /* ViewController.swift */; };
		CC512217234121EF00A03AD3 /* Main.storyboard in Resources */ = {isa = PBXBuildFile; fileRef = CC512215234121EF00A03AD3 /* Main.storyboard */; };
		CC51221A234121EF00A03AD3 /* WanCircles.xcdatamodeld in Sources */ = {isa = PBXBuildFile; fileRef = CC512218234121EF00A03AD3 /* WanCircles.xcdatamodeld */; };
		CC51221C234121F000A03AD3 /* Assets.xcassets in Resources */ = {isa = PBXBuildFile; fileRef = CC51221B234121F000A03AD3 /* Assets.xcassets */; };
		CC51221F234121F000A03AD3 /* LaunchScreen.storyboard in Resources */ = {isa = PBXBuildFile; fileRef = CC51221D234121F000A03AD3 /* LaunchScreen.storyboard */; };
/* End PBXBuildFile section */

/* Begin PBXFileReference section */
		CC51220C234121EF00A03AD3 /* WanCircles.app */ = {isa = PBXFileReference; explicitFileType = wrapper.application; includeInIndex = 0; path = WanCircles.app; sourceTree = BUILT_PRODUCTS_DIR; };
		CC51220F234121EF00A03AD3 /* AppDelegate.swift */ = {isa = PBXFileReference; lastKnownFileType = sourcecode.swift; path = AppDelegate.swift; sourceTree = "<group>"; };
		CC512211234121EF00A03AD3 /* SceneDelegate.swift */ = {isa = PBXFileReference; lastKnownFileType = sourcecode.swift; path = SceneDelegate.swift; sourceTree = "<group>"; };
		CC512213234121EF00A03AD3 /* ViewController.swift */ = {isa = PBXFileReference; lastKnownFileType = sourcecode.swift; path = ViewController.swift; sourceTree = "<group>"; };
		CC512216234121EF00A03AD3 /* Base */ = {isa = PBXFileReference; lastKnownFileType = file.storyboard; name = Base; path = Base.lproj/Main.storyboard; sourceTree = "<group>"; };
		CC512219234121EF00A03AD3 /* WanCircles.xcdatamodel */ = {isa = PBXFileReference; lastKnownFileType = wrapper.xcdatamodel; path = WanCircles.xcdatamodel; sourceTree = "<group>"; };
		CC51221B234121F000A03AD3 /* Assets.xcassets */ = {isa = PBXFileReference; lastKnownFileType = folder.assetcatalog; path = Assets.xcassets; sourceTree = "<group>"; };
		CC51221E234121F000A03AD3 /* Base */ = {isa = PBXFileReference; lastKnownFileType = file.storyboard; name = Base; path = Base.lproj/LaunchScreen.storyboard; sourceTree = "<group>"; };
		CC512220234121F000A03AD3 /* Info.plist */ = {isa = PBXFileReference; lastKnownFileType = text.plist.xml; path = Info.plist; sourceTree = "<group>"; };
/* End PBXFileReference section */

/* Begin PBXFrameworksBuildPhase section */
		CC512209234121EF00A03AD3 /* Frameworks */ = {
			isa = PBXFrameworksBuildPhase;
			buildActionMask = 2147483647;
			files = (
			);
			runOnlyForDeploymentPostprocessing = 0;
		};
/* End PBXFrameworksBuildPhase section */

/* Begin PBXGroup section */
		CC512203234121EF00A03AD3 = {
			isa = PBXGroup;
			children = (
				CC51220E234121EF00A03AD3 /* WanCircles */,
				CC51220D234121EF00A03AD3 /* Products */,
			);
			sourceTree = "<group>";
		};
		CC51220D234121EF00A03AD3 /* Products */ = {
			isa = PBXGroup;
			children = (
				CC51220C234121EF00A03AD3 /* WanCircles.app */,
			);
			name = Products;
			sourceTree = "<group>";
		};
		CC51220E234121EF00A03AD3 /* WanCircles */ = {
			isa = PBXGroup;
			children = (
				CC51220F234121EF00A03AD3 /* AppDelegate.swift */,
				CC512211234121EF00A03AD3 /* SceneDelegate.swift */,
				CC512213234121EF00A03AD3 /* ViewController.swift */,
				CC512215234121EF00A03AD3 /* Main.storyboard */,
				CC51221B234121F000A03AD3 /* Assets.xcassets */,
				CC51221D234121F000A03AD3 /* LaunchScreen.storyboard */,
				CC512220234121F000A03AD3 /* Info.plist */,
				CC512218234121EF00A03AD3 /* WanCircles.xcdatamodeld */,
			);
			path = WanCircles;
			sourceTree = "<group>";
		};
/* End PBXGroup section */

/* Begin PBXNativeTarget section */
		CC51220B234121EF00A03AD3 /* WanCircles */ = {
			isa = PBXNativeTarget;
			buildConfigurationList = CC512223234121F000A03AD3 /* Build configuration list for PBXNativeTarget "WanCircles" */;
			buildPhases = (
				CC512208234121EF00A03AD3 /* Sources */,
				CC512209234121EF00A03AD3 /* Frameworks */,
				CC51220A234121EF00A03AD3 /* Resources */,
			);
			buildRules = (
			);
			dependencies = (
			);
			name = WanCircles;
			productName = WanCircles;
			productReference = CC51220C234121EF00A03AD3 /* WanCircles.app */;
			productType = "com.apple.product-type.application";
		};
/* End PBXNativeTarget section */

/* Begin PBXProject section */
		CC512204234121EF00A03AD3 /* Project object */ = {
			isa = PBXProject;
			attributes = {
				LastSwiftUpdateCheck = 1100;
				LastUpgradeCheck = 1100;
				ORGANIZATIONNAME = Yongwan;
				TargetAttributes = {
					CC51220B234121EF00A03AD3 = {
						CreatedOnToolsVersion = 11.0;
					};
				};
			};
			buildConfigurationList = CC512207234121EF00A03AD3 /* Build configuration list for PBXProject "WanCircles" */;
			compatibilityVersion = "Xcode 9.3";
			developmentRegion = en;
			hasScannedForEncodings = 0;
			knownRegions = (
				en,
				Base,
			);
			mainGroup = CC512203234121EF00A03AD3;
			productRefGroup = CC51220D234121EF00A03AD3 /* Products */;
			projectDirPath = "";
			projectRoot = "";
			targets = (
				CC51220B234121EF00A03AD3 /* WanCircles */,
			);
		};
/* End PBXProject section */

/* Begin PBXResourcesBuildPhase section */
		CC51220A234121EF00A03AD3 /* Resources */ = {
			isa = PBXResourcesBuildPhase;
			buildActionMask = 2147483647;
			files = (
				CC51221F234121F000A03AD3 /* LaunchScreen.storyboard in Resources */,
				CC51221C234121F000A03AD3 /* Assets.xcassets in Resources */,
				CC512217234121EF00A03AD3 /* Main.storyboard in Resources */,
			);
			runOnlyForDeploymentPostprocessing = 0;
		};
/* End PBXResourcesBuildPhase section */

/* Begin PBXSourcesBuildPhase section */
		CC512208234121EF00A03AD3 /* Sources */ = {
			isa = PBXSourcesBuildPhase;
			buildActionMask = 2147483647;
			files = (
				CC512214234121EF00A03AD3 /* ViewController.swift in Sources */,
				CC512210234121EF00A03AD3 /* AppDelegate.swift in Sources */,
				CC51221A234121EF00A03AD3 /* WanCircles.xcdatamodeld in Sources */,
				CC512212234121EF00A03AD3 /* SceneDelegate.swift in Sources */,
			);
			runOnlyForDeploymentPostprocessing = 0;
		};
/* End PBXSourcesBuildPhase section */

/* Begin PBXVariantGroup section */
		CC512215234121EF00A03AD3 /* Main.storyboard */ = {
			isa = PBXVariantGroup;
			children = (
				CC512216234121EF00A03AD3 /* Base */,
			);
			name = Main.storyboard;
			sourceTree = "<group>";
		};
		CC51221D234121F000A03AD3 /* LaunchScreen.storyboard */ = {
			isa = PBXVariantGroup;
			children = (
				CC51221E234121F000A03AD3 /* Base */,
			);
			name = LaunchScreen.storyboard;
			sourceTree = "<group>";
		};
/* End PBXVariantGroup section */

/* Begin XCBuildConfiguration section */
		CC512221234121F000A03AD3 /* Debug */ = {
			isa = XCBuildConfiguration;
			buildSettings = {
				ALWAYS_SEARCH_USER_PATHS = NO;
				CLANG_ANALYZER_NONNULL = YES;
				CLANG_ANALYZER_NUMBER_OBJECT_CONVERSION = YES_AGGRESSIVE;
				CLANG_CXX_LANGUAGE_STANDARD = "gnu++14";
				CLANG_CXX_LIBRARY = "libc++";
				CLANG_ENABLE_MODULES = YES;
				CLANG_ENABLE_OBJC_ARC = YES;
				CLANG_ENABLE_OBJC_WEAK = YES;
				CLANG_WARN_BLOCK_CAPTURE_AUTORELEASING = YES;
				CLANG_WARN_BOOL_CONVERSION = YES;
				CLANG_WARN_COMMA = YES;
				CLANG_WARN_CONSTANT_CONVERSION = YES;
				CLANG_WARN_DEPRECATED_OBJC_IMPLEMENTATIONS = YES;
				CLANG_WARN_DIRECT_OBJC_ISA_USAGE = YES_ERROR;
				CLANG_WARN_DOCUMENTATION_COMMENTS = YES;
				CLANG_WARN_EMPTY_BODY = YES;
				CLANG_WARN_ENUM_CONVERSION = YES;
				CLANG_WARN_INFINITE_RECURSION = YES;
				CLANG_WARN_INT_CONVERSION = YES;
				CLANG_WARN_NON_LITERAL_NULL_CONVERSION = YES;
				CLANG_WARN_OBJC_IMPLICIT_RETAIN_SELF = YES;
				CLANG_WARN_OBJC_LITERAL_CONVERSION = YES;
				CLANG_WARN_OBJC_ROOT_CLASS = YES_ERROR;
				CLANG_WARN_RANGE_LOOP_ANALYSIS = YES;
				CLANG_WARN_STRICT_PROTOTYPES = YES;
				CLANG_WARN_SUSPICIOUS_MOVE = YES;
				CLANG_WARN_UNGUARDED_AVAILABILITY = YES_AGGRESSIVE;
				CLANG_WARN_UNREACHABLE_CODE = YES;
				CLANG_WARN__DUPLICATE_METHOD_MATCH = YES;
				COPY_PHASE_STRIP = NO;
				DEBUG_INFORMATION_FORMAT = dwarf;
				ENABLE_STRICT_OBJC_MSGSEND = YES;
				ENABLE_TESTABILITY = YES;
				GCC_C_LANGUAGE_STANDARD = gnu11;
				GCC_DYNAMIC_NO_PIC = NO;
				GCC_NO_COMMON_BLOCKS = YES;
				GCC_OPTIMIZATION_LEVEL = 0;
				GCC_PREPROCESSOR_DEFINITIONS = (
					"DEBUG=1",
					"$(inherited)",
				);
				GCC_WARN_64_TO_32_BIT_CONVERSION = YES;
				GCC_WARN_ABOUT_RETURN_TYPE = YES_ERROR;
				GCC_WARN_UNDECLARED_SELECTOR = YES;
				GCC_WARN_UNINITIALIZED_AUTOS = YES_AGGRESSIVE;
				GCC_WARN_UNUSED_FUNCTION = YES;
				GCC_WARN_UNUSED_VARIABLE = YES;
				IPHONEOS_DEPLOYMENT_TARGET = 13.0;
				MTL_ENABLE_DEBUG_INFO = INCLUDE_SOURCE;
				MTL_FAST_MATH = YES;
				ONLY_ACTIVE_ARCH = YES;
				SDKROOT = iphoneos;
				SWIFT_ACTIVE_COMPILATION_CONDITIONS = DEBUG;
				SWIFT_OPTIMIZATION_LEVEL = "-Onone";
			};
			name = Debug;
		};
		CC512222234121F000A03AD3 /* Release */ = {
			isa = XCBuildConfiguration;
			buildSettings = {
				ALWAYS_SEARCH_USER_PATHS = NO;
				CLANG_ANALYZER_NONNULL = YES;
				CLANG_ANALYZER_NUMBER_OBJECT_CONVERSION = YES_AGGRESSIVE;
				CLANG_CXX_LANGUAGE_STANDARD = "gnu++14";
				CLANG_CXX_LIBRARY = "libc++";
				CLANG_ENABLE_MODULES = YES;
				CLANG_ENABLE_OBJC_ARC = YES;
				CLANG_ENABLE_OBJC_WEAK = YES;
				CLANG_WARN_BLOCK_CAPTURE_AUTORELEASING = YES;
				CLANG_WARN_BOOL_CONVERSION = YES;
				CLANG_WARN_COMMA = YES;
				CLANG_WARN_CONSTANT_CONVERSION = YES;
				CLANG_WARN_DEPRECATED_OBJC_IMPLEMENTATIONS = YES;
				CLANG_WARN_DIRECT_OBJC_ISA_USAGE = YES_ERROR;
				CLANG_WARN_DOCUMENTATION_COMMENTS = YES;
				CLANG_WARN_EMPTY_BODY = YES;
				CLANG_WARN_ENUM_CONVERSION = YES;
				CLANG_WARN_INFINITE_RECURSION = YES;
				CLANG_WARN_INT_CONVERSION = YES;
				CLANG_WARN_NON_LITERAL_NULL_CONVERSION = YES;
				CLANG_WARN_OBJC_IMPLICIT_RETAIN_SELF = YES;
				CLANG_WARN_OBJC_LITERAL_CONVERSION = YES;
				CLANG_WARN_OBJC_ROOT_CLASS = YES_ERROR;
				CLANG_WARN_RANGE_LOOP_ANALYSIS = YES;
				CLANG_WARN_STRICT_PROTOTYPES = YES;
				CLANG_WARN_SUSPICIOUS_MOVE = YES;
				CLANG_WARN_UNGUARDED_AVAILABILITY = YES_AGGRESSIVE;
				CLANG_WARN_UNREACHABLE_CODE = YES;
				CLANG_WARN__DUPLICATE_METHOD_MATCH = YES;
				COPY_PHASE_STRIP = NO;
				DEBUG_INFORMATION_FORMAT = "dwarf-with-dsym";
				ENABLE_NS_ASSERTIONS = NO;
				ENABLE_STRICT_OBJC_MSGSEND = YES;
				GCC_C_LANGUAGE_STANDARD = gnu11;
				GCC_NO_COMMON_BLOCKS = YES;
				GCC_WARN_64_TO_32_BIT_CONVERSION = YES;
				GCC_WARN_ABOUT_RETURN_TYPE = YES_ERROR;
				GCC_WARN_UNDECLARED_SELECTOR = YES;
				GCC_WARN_UNINITIALIZED_AUTOS = YES_AGGRESSIVE;
				GCC_WARN_UNUSED_FUNCTION = YES;
				GCC_WARN_UNUSED_VARIABLE = YES;
				IPHONEOS_DEPLOYMENT_TARGET = 13.0;
				MTL_ENABLE_DEBUG_INFO = NO;
				MTL_FAST_MATH = YES;
				SDKROOT = iphoneos;
				SWIFT_COMPILATION_MODE = wholemodule;
				SWIFT_OPTIMIZATION_LEVEL = "-O";
				VALIDATE_PRODUCT = YES;
			};
			name = Release;
		};
		CC512224234121F000A03AD3 /* Debug */ = {
			isa = XCBuildConfiguration;
			buildSettings = {
				ASSETCATALOG_COMPILER_APPICON_NAME = AppIcon;
				CODE_SIGN_STYLE = Automatic;
				DEVELOPMENT_TEAM = 6563S3NRTG;
				INFOPLIST_FILE = WanCircles/Info.plist;
				LD_RUNPATH_SEARCH_PATHS = (
					"$(inherited)",
					"@executable_path/Frameworks",
				);
				PRODUCT_BUNDLE_IDENTIFIER = net.wan.WanCircles;
				PRODUCT_NAME = "$(TARGET_NAME)";
				SWIFT_VERSION = 5.0;
				TARGETED_DEVICE_FAMILY = "1,2";
			};
			name = Debug;
		};
		CC512225234121F000A03AD3 /* Release */ = {
			isa = XCBuildConfiguration;
			buildSettings = {
				ASSETCATALOG_COMPILER_APPICON_NAME = AppIcon;
				CODE_SIGN_STYLE = Automatic;
				DEVELOPMENT_TEAM = 6563S3NRTG;
				INFOPLIST_FILE = WanCircles/Info.plist;
				LD_RUNPATH_SEARCH_PATHS = (
					"$(inherited)",
					"@executable_path/Frameworks",
				);
				PRODUCT_BUNDLE_IDENTIFIER = net.wan.WanCircles;
				PRODUCT_NAME = "$(TARGET_NAME)";
				SWIFT_VERSION = 5.0;
				TARGETED_DEVICE_FAMILY = "1,2";
			};
			name = Release;
		};
/* End XCBuildConfiguration section */

/* Begin XCConfigurationList section */
		CC512207234121EF00A03AD3 /* Build configuration list for PBXProject "WanCircles" */ = {
			isa = XCConfigurationList;
			buildConfigurations = (
				CC512221234121F000A03AD3 /* Debug */,
				CC512222234121F000A03AD3 /* Release */,
			);
			defaultConfigurationIsVisible = 0;
			defaultConfigurationName = Release;
		};
		CC512223234121F000A03AD3 /* Build configuration list for PBXNativeTarget "WanCircles" */ = {
			isa = XCConfigurationList;
			buildConfigurations = (
				CC512224234121F000A03AD3 /* Debug */,
				CC512225234121F000A03AD3 /* Release */,
			);
			defaultConfigurationIsVisible = 0;
			defaultConfigurationName = Release;
		};
/* End XCConfigurationList section */

/* Begin XCVersionGroup section */
		CC512218234121EF00A03AD3 /* WanCircles.xcdatamodeld */ = {
			isa = XCVersionGroup;
			children = (
				CC512219234121EF00A03AD3 /* WanCircles.xcdatamodel */,
			);
			currentVersion = CC512219234121EF00A03AD3 /* WanCircles.xcdatamodel */;
			path = WanCircles.xcdatamodeld;
			sourceTree = "<group>";
			versionGroupType = wrapper.xcdatamodel;
		};
/* End XCVersionGroup section */
	};
	rootObject = CC512204234121EF00A03AD3 /* Project object */;
}
